{
  "name": "training",
  "version": "1.0.0",
  "lockfileVersion": 1,
  "requires": true,
  "dependencies": {
    "apparatus": {
      "version": "0.0.10",
      "resolved": "https://repo.lab.pl.alcatel-lucent.com/api/npm/npm-remote/apparatus/-/apparatus-0.0.10.tgz",
      "integrity": "sha1-gep1Z3Ktp3hj21TO7oICwQm9yj4=",
      "requires": {
        "sylvester": ">= 0.0.8"
      }
    },
    "articles": {
      "version": "0.2.2",
      "resolved": "https://repo.lab.pl.alcatel-lucent.com/api/npm/npm-remote/articles/-/articles-0.2.2.tgz",
      "integrity": "sha1-zGtCn4z6gR9B56CFBau7TkVQMZc="
    },
    "lodash": {
      "version": "4.17.11",
      "resolved": "https://repo.lab.pl.alcatel-lucent.com/api/npm/npm-remote/lodash/-/lodash-4.17.11.tgz",
      "integrity": "sha1-s56mIp72B+zYniyN8SU2iRysm40="
    },
    "natural": {
      "version": "0.1.29",
      "resolved": "https://repo.lab.pl.alcatel-lucent.com/api/npm/npm-remote/natural/-/natural-0.1.29.tgz",
      "integrity": "sha1-WaN6bNhtVekEtlbTudpD/S3J4Eo=",
      "requires": {
        "apparatus": ">= 0.0.6",
        "sylvester": ">= 0.0.12",
        "underscore": ">=1.3.1"
      }
    },
    "prng-well1024a": {
      "version": "1.0.1",
      "resolved": "https://repo.lab.pl.alcatel-lucent.com/api/npm/npm-remote/prng-well1024a/-/prng-well1024a-1.0.1.tgz",
      "integrity": "sha1-Bejtkj5OorP3ivXulPBWtNXPqyQ="
    },
    "random-words": {
      "version": "1.1.0",
      "resolved": "https://repo.lab.pl.alcatel-lucent.com/api/npm/npm-remote/random-words/-/random-words-1.1.0.tgz",
      "integrity": "sha1-1C+XddFO9cWP0lWWgVgwPh2qCiI="
    },
    "randy": {
      "version": "1.5.1",
      "resolved": "https://repo.lab.pl.alcatel-lucent.com/api/npm/npm-remote/randy/-/randy-1.5.1.tgz",
      "integrity": "sha1-59wIag7Li+99ZzVmQs0qM/liRlw=",
      "requires": {
        "prng-well1024a": "~1.0.0"
      }
    },
    "sentencer": {
      "version": "0.2.0",
      "resolved": "https://repo.lab.pl.alcatel-lucent.com/api/npm/npm-remote/sentencer/-/sentencer-0.2.0.tgz",
      "integrity": "sha1-lDAiB91OSzXv7Cb+Xui7En0ciz8=",
      "requires": {
        "articles": "~0.2.1",
        "lodash": "^4.17.11",
        "natural": "~0.1.28",
        "randy": "~1.5.1"
      }
    },
    "sylvester": {
      "version": "0.0.21",
      "resolved": "https://repo.lab.pl.alcatel-lucent.com/api/npm/npm-remote/sylvester/-/sylvester-0.0.21.tgz",
      "integrity": "sha1-KYexzivS84sNzio0OIiEv6RADqc="
    },
    "underscore": {
      "version": "1.13.1",
      "resolved": "https://registry.npmjs.org/underscore/-/underscore-1.13.1.tgz",
      "integrity": "sha512-hzSoAVtJF+3ZtiFX0VgfFPHEDRm7Y/QPjGyNo4TVdnDTdft3tr8hEkD25a1jC+TjTuE7tkHGKkhwCgs9dgBB2g=="
    }
  }
}
